
Microsoft Visual Studio Solution File, Format Version 12.00
# Visual Studio 15
VisualStudioVersion = 15.0.27130.2027
MinimumVisualStudioVersion = 10.0.40219.1
Project("{FAE04EC0-301F-11D3-BF4B-00C04F79EFBC}") = "WatsonPM.MSCRM.Workflows", "WatsonPM.MSCRM.Workflows\WatsonPM.MSCRM.Workflows.csproj", "{7FF365E5-AFD5-46B9-936B-576A1F73D4E3}"
EndProject
Global
	GlobalSection(SolutionConfigurationPlatforms) = preSolution
		Debug|Any CPU = Debug|Any CPU
		Release|Any CPU = Release|Any CPU
	EndGlobalSection
	GlobalSection(ProjectConfigurationPlatforms) = postSolution
		{7FF365E5-AFD5-46B9-936B-576A1F73D4E3}.Debug|Any CPU.ActiveCfg = Debug|Any CPU
		{7FF365E5-AFD5-46B9-936B-576A1F73D4E3}.Debug|Any CPU.Build.0 = Debug|Any CPU
		{7FF365E5-AFD5-46B9-936B-576A1F73D4E3}.Release|Any CPU.ActiveCfg = Release|Any CPU
		{7FF365E5-AFD5-46B9-936B-576A1F73D4E3}.Release|Any CPU.Build.0 = Release|Any CPU
	EndGlobalSection
	GlobalSection(SolutionProperties) = preSolution
		HideSolutionNode = FALSE
	EndGlobalSection
	GlobalSection(ExtensibilityGlobals) = postSolution
		SolutionGuid = {66120971-926C-4243-88DE-E843DC83858B}
	EndGlobalSection
EndGlobal
